
Microsoft Visual Studio Solution File, Format Version 12.00
# Visual Studio 14
VisualStudioVersion = 14.0.25420.1
MinimumVisualStudioVersion = 10.0.40219.1
Project("{2150E333-8FDC-42A3-9474-1A3956D46DE8}") = "src", "src", "{51E89612-5905-423C-A38D-FD4970FA6111}"
EndProject
Project("{2150E333-8FDC-42A3-9474-1A3956D46DE8}") = "Solution Items", "Solution Items", "{C46443E0-EAEF-4867-B068-3E550C69E7DC}"
	ProjectSection(SolutionItems) = preProject
		global.json = global.json
	EndProjectSection
EndProject
Project("{8BB2217D-0F2D-49D1-97BC-3654ED321F3B}") = "SonOfCodSeafood", "src\SonOfCodSeafood\SonOfCodSeafood.xproj", "{393F1B1B-C0CB-4173-9BED-11231D5194DF}"
EndProject
Project("{2150E333-8FDC-42A3-9474-1A3956D46DE8}") = "Test", "Test", "{ABD17AF1-1289-4316-B5F5-B8E2196F15A5}"
EndProject
Project("{8BB2217D-0F2D-49D1-97BC-3654ED321F3B}") = "SonOfCodSeafoodTest", "SonOfCodSeafoodTest\SonOfCodSeafoodTest.xproj", "{F32B15B6-77E5-4030-9235-4F6FF10CBF2A}"
EndProject
Global
	GlobalSection(SolutionConfigurationPlatforms) = preSolution
		Debug|Any CPU = Debug|Any CPU
		Release|Any CPU = Release|Any CPU
	EndGlobalSection
	GlobalSection(ProjectConfigurationPlatforms) = postSolution
		{393F1B1B-C0CB-4173-9BED-11231D5194DF}.Debug|Any CPU.ActiveCfg = Debug|Any CPU
		{393F1B1B-C0CB-4173-9BED-11231D5194DF}.Debug|Any CPU.Build.0 = Debug|Any CPU
		{393F1B1B-C0CB-4173-9BED-11231D5194DF}.Release|Any CPU.ActiveCfg = Release|Any CPU
		{393F1B1B-C0CB-4173-9BED-11231D5194DF}.Release|Any CPU.Build.0 = Release|Any CPU
		{F32B15B6-77E5-4030-9235-4F6FF10CBF2A}.Debug|Any CPU.ActiveCfg = Debug|Any CPU
		{F32B15B6-77E5-4030-9235-4F6FF10CBF2A}.Debug|Any CPU.Build.0 = Debug|Any CPU
		{F32B15B6-77E5-4030-9235-4F6FF10CBF2A}.Release|Any CPU.ActiveCfg = Release|Any CPU
		{F32B15B6-77E5-4030-9235-4F6FF10CBF2A}.Release|Any CPU.Build.0 = Release|Any CPU
	EndGlobalSection
	GlobalSection(SolutionProperties) = preSolution
		HideSolutionNode = FALSE
	EndGlobalSection
	GlobalSection(NestedProjects) = preSolution
		{393F1B1B-C0CB-4173-9BED-11231D5194DF} = {51E89612-5905-423C-A38D-FD4970FA6111}
		{F32B15B6-77E5-4030-9235-4F6FF10CBF2A} = {ABD17AF1-1289-4316-B5F5-B8E2196F15A5}
	EndGlobalSection
EndGlobal
